// !$*UTF8*$!
{
	archiveVersion = 1;
	classes = {
	};
	objectVersion = 55;
	objects = {

/* Begin PBXBuildFile section */
		5371E4252937E0E100D1026A /* MovieCollectionViewCell.swift in Sources */ = {isa = PBXBuildFile; fileRef = 5371E4242937E0E100D1026A /* MovieCollectionViewCell.swift */; };
		5371E4272937E2A600D1026A /* MovieData.swift in Sources */ = {isa = PBXBuildFile; fileRef = 5371E4262937E2A600D1026A /* MovieData.swift */; };
		53E5C28929371D8C00385F77 /* AppDelegate.swift in Sources */ = {isa = PBXBuildFile; fileRef = 53E5C28829371D8C00385F77 /* AppDelegate.swift */; };
		53E5C28B29371D8C00385F77 /* SceneDelegate.swift in Sources */ = {isa = PBXBuildFile; fileRef = 53E5C28A29371D8C00385F77 /* SceneDelegate.swift */; };
		53E5C28D29371D8C00385F77 /* GenreViewController.swift in Sources */ = {isa = PBXBuildFile; fileRef = 53E5C28C29371D8C00385F77 /* GenreViewController.swift */; };
		53E5C29029371D8C00385F77 /* Main.storyboard in Resources */ = {isa = PBXBuildFile; fileRef = 53E5C28E29371D8C00385F77 /* Main.storyboard */; };
		53E5C29229371D8E00385F77 /* Assets.xcassets in Resources */ = {isa = PBXBuildFile; fileRef = 53E5C29129371D8E00385F77 /* Assets.xcassets */; };
		53E5C29529371D8E00385F77 /* LaunchScreen.storyboard in Resources */ = {isa = PBXBuildFile; fileRef = 53E5C29329371D8E00385F77 /* LaunchScreen.storyboard */; };
		53E5C2A029371D8E00385F77 /* Bishop_MoviesTests.swift in Sources */ = {isa = PBXBuildFile; fileRef = 53E5C29F29371D8E00385F77 /* Bishop_MoviesTests.swift */; };
		53E5C2AA29371D8E00385F77 /* Bishop_MoviesUITests.swift in Sources */ = {isa = PBXBuildFile; fileRef = 53E5C2A929371D8E00385F77 /* Bishop_MoviesUITests.swift */; };
		53E5C2AC29371D8E00385F77 /* Bishop_MoviesUITestsLaunchTests.swift in Sources */ = {isa = PBXBuildFile; fileRef = 53E5C2AB29371D8E00385F77 /* Bishop_MoviesUITestsLaunchTests.swift */; };
		53E5C2B92937292900385F77 /* MoviesViewController.swift in Sources */ = {isa = PBXBuildFile; fileRef = 53E5C2B82937292900385F77 /* MoviesViewController.swift */; };
/* End PBXBuildFile section */

/* Begin PBXContainerItemProxy section */
		53E5C29C29371D8E00385F77 /* PBXContainerItemProxy */ = {
			isa = PBXContainerItemProxy;
			containerPortal = 53E5C27D29371D8C00385F77 /* Project object */;
			proxyType = 1;
			remoteGlobalIDString = 53E5C28429371D8C00385F77;
			remoteInfo = Bishop_Movies;
		};
		53E5C2A629371D8E00385F77 /* PBXContainerItemProxy */ = {
			isa = PBXContainerItemProxy;
			containerPortal = 53E5C27D29371D8C00385F77 /* Project object */;
			proxyType = 1;
			remoteGlobalIDString = 53E5C28429371D8C00385F77;
			remoteInfo = Bishop_Movies;
		};
/* End PBXContainerItemProxy section */

/* Begin PBXFileReference section */
		5371E4242937E0E100D1026A /* MovieCollectionViewCell.swift */ = {isa = PBXFileReference; lastKnownFileType = sourcecode.swift; path = MovieCollectionViewCell.swift; sourceTree = "<group>"; };
		5371E4262937E2A600D1026A /* MovieData.swift */ = {isa = PBXFileReference; lastKnownFileType = sourcecode.swift; path = MovieData.swift; sourceTree = "<group>"; };
		53E5C28529371D8C00385F77 /* Bishop_Movies.app */ = {isa = PBXFileReference; explicitFileType = wrapper.application; includeInIndex = 0; path = Bishop_Movies.app; sourceTree = BUILT_PRODUCTS_DIR; };
		53E5C28829371D8C00385F77 /* AppDelegate.swift */ = {isa = PBXFileReference; lastKnownFileType = sourcecode.swift; path = AppDelegate.swift; sourceTree = "<group>"; };
		53E5C28A29371D8C00385F77 /* SceneDelegate.swift */ = {isa = PBXFileReference; lastKnownFileType = sourcecode.swift; path = SceneDelegate.swift; sourceTree = "<group>"; };
		53E5C28C29371D8C00385F77 /* GenreViewController.swift */ = {isa = PBXFileReference; lastKnownFileType = sourcecode.swift; path = GenreViewController.swift; sourceTree = "<group>"; };
		53E5C28F29371D8C00385F77 /* Base */ = {isa = PBXFileReference; lastKnownFileType = file.storyboard; name = Base; path = Base.lproj/Main.storyboard; sourceTree = "<group>"; };
		53E5C29129371D8E00385F77 /* Assets.xcassets */ = {isa = PBXFileReference; lastKnownFileType = folder.assetcatalog; path = Assets.xcassets; sourceTree = "<group>"; };
		53E5C29429371D8E00385F77 /* Base */ = {isa = PBXFileReference; lastKnownFileType = file.storyboard; name = Base; path = Base.lproj/LaunchScreen.storyboard; sourceTree = "<group>"; };
		53E5C29629371D8E00385F77 /* Info.plist */ = {isa = PBXFileReference; lastKnownFileType = text.plist.xml; path = Info.plist; sourceTree = "<group>"; };
		53E5C29B29371D8E00385F77 /* Bishop_MoviesTests.xctest */ = {isa = PBXFileReference; explicitFileType = wrapper.cfbundle; includeInIndex = 0; path = Bishop_MoviesTests.xctest; sourceTree = BUILT_PRODUCTS_DIR; };
		53E5C29F29371D8E00385F77 /* Bishop_MoviesTests.swift */ = {isa = PBXFileReference; lastKnownFileType = sourcecode.swift; path = Bishop_MoviesTests.swift; sourceTree = "<group>"; };
		53E5C2A529371D8E00385F77 /* Bishop_MoviesUITests.xctest */ = {isa = PBXFileReference; explicitFileType = wrapper.cfbundle; includeInIndex = 0; path = Bishop_MoviesUITests.xctest; sourceTree = BUILT_PRODUCTS_DIR; };
		53E5C2A929371D8E00385F77 /* Bishop_MoviesUITests.swift */ = {isa = PBXFileReference; lastKnownFileType = sourcecode.swift; path = Bishop_MoviesUITests.swift; sourceTree = "<group>"; };
		53E5C2AB29371D8E00385F77 /* Bishop_MoviesUITestsLaunchTests.swift */ = {isa = PBXFileReference; lastKnownFileType = sourcecode.swift; path = Bishop_MoviesUITestsLaunchTests.swift; sourceTree = "<group>"; };
		53E5C2B82937292900385F77 /* MoviesViewController.swift */ = {isa = PBXFileReference; lastKnownFileType = sourcecode.swift; path = MoviesViewController.swift; sourceTree = "<group>"; };
/* End PBXFileReference section */

/* Begin PBXFrameworksBuildPhase section */
		53E5C28229371D8C00385F77 /* Frameworks */ = {
			isa = PBXFrameworksBuildPhase;
			buildActionMask = 2147483647;
			files = (
			);
			runOnlyForDeploymentPostprocessing = 0;
		};
		53E5C29829371D8E00385F77 /* Frameworks */ = {
			isa = PBXFrameworksBuildPhase;
			buildActionMask = 2147483647;
			files = (
			);
			runOnlyForDeploymentPostprocessing = 0;
		};
		53E5C2A229371D8E00385F77 /* Frameworks */ = {
			isa = PBXFrameworksBuildPhase;
			buildActionMask = 2147483647;
			files = (
			);
			runOnlyForDeploymentPostprocessing = 0;
		};
/* End PBXFrameworksBuildPhase section */

/* Begin PBXGroup section */
		53E5C27C29371D8C00385F77 = {
			isa = PBXGroup;
			children = (
				53E5C28729371D8C00385F77 /* Bishop_Movies */,
				53E5C29E29371D8E00385F77 /* Bishop_MoviesTests */,
				53E5C2A829371D8E00385F77 /* Bishop_MoviesUITests */,
				53E5C28629371D8C00385F77 /* Products */,
			);
			sourceTree = "<group>";
		};
		53E5C28629371D8C00385F77 /* Products */ = {
			isa = PBXGroup;
			children = (
				53E5C28529371D8C00385F77 /* Bishop_Movies.app */,
				53E5C29B29371D8E00385F77 /* Bishop_MoviesTests.xctest */,
				53E5C2A529371D8E00385F77 /* Bishop_MoviesUITests.xctest */,
			);
			name = Products;
			sourceTree = "<group>";
		};
		53E5C28729371D8C00385F77 /* Bishop_Movies */ = {
			isa = PBXGroup;
			children = (
				53E5C28829371D8C00385F77 /* AppDelegate.swift */,
				53E5C28A29371D8C00385F77 /* SceneDelegate.swift */,
				53E5C28C29371D8C00385F77 /* GenreViewController.swift */,
				53E5C28E29371D8C00385F77 /* Main.storyboard */,
				53E5C29129371D8E00385F77 /* Assets.xcassets */,
				53E5C29329371D8E00385F77 /* LaunchScreen.storyboard */,
				53E5C29629371D8E00385F77 /* Info.plist */,
				53E5C2B82937292900385F77 /* MoviesViewController.swift */,
				5371E4242937E0E100D1026A /* MovieCollectionViewCell.swift */,
				5371E4262937E2A600D1026A /* MovieData.swift */,
			);
			path = Bishop_Movies;
			sourceTree = "<group>";
		};
		53E5C29E29371D8E00385F77 /* Bishop_MoviesTests */ = {
			isa = PBXGroup;
			children = (
				53E5C29F29371D8E00385F77 /* Bishop_MoviesTests.swift */,
			);
			path = Bishop_MoviesTests;
			sourceTree = "<group>";
		};
		53E5C2A829371D8E00385F77 /* Bishop_MoviesUITests */ = {
			isa = PBXGroup;
			children = (
				53E5C2A929371D8E00385F77 /* Bishop_MoviesUITests.swift */,
				53E5C2AB29371D8E00385F77 /* Bishop_MoviesUITestsLaunchTests.swift */,
			);
			path = Bishop_MoviesUITests;
			sourceTree = "<group>";
		};
/* End PBXGroup section */

/* Begin PBXNativeTarget section */
		53E5C28429371D8C00385F77 /* Bishop_Movies */ = {
			isa = PBXNativeTarget;
			buildConfigurationList = 53E5C2AF29371D8E00385F77 /* Build configuration list for PBXNativeTarget "Bishop_Movies" */;
			buildPhases = (
				53E5C28129371D8C00385F77 /* Sources */,
				53E5C28229371D8C00385F77 /* Frameworks */,
				53E5C28329371D8C00385F77 /* Resources */,
			);
			buildRules = (
			);
			dependencies = (
			);
			name = Bishop_Movies;
			productName = Bishop_Movies;
			productReference = 53E5C28529371D8C00385F77 /* Bishop_Movies.app */;
			productType = "com.apple.product-type.application";
		};
		53E5C29A29371D8E00385F77 /* Bishop_MoviesTests */ = {
			isa = PBXNativeTarget;
			buildConfigurationList = 53E5C2B229371D8E00385F77 /* Build configuration list for PBXNativeTarget "Bishop_MoviesTests" */;
			buildPhases = (
				53E5C29729371D8E00385F77 /* Sources */,
				53E5C29829371D8E00385F77 /* Frameworks */,
				53E5C29929371D8E00385F77 /* Resources */,
			);
			buildRules = (
			);
			dependencies = (
				53E5C29D29371D8E00385F77 /* PBXTargetDependency */,
			);
			name = Bishop_MoviesTests;
			productName = Bishop_MoviesTests;
			productReference = 53E5C29B29371D8E00385F77 /* Bishop_MoviesTests.xctest */;
			productType = "com.apple.product-type.bundle.unit-test";
		};
		53E5C2A429371D8E00385F77 /* Bishop_MoviesUITests */ = {
			isa = PBXNativeTarget;
			buildConfigurationList = 53E5C2B529371D8E00385F77 /* Build configuration list for PBXNativeTarget "Bishop_MoviesUITests" */;
			buildPhases = (
				53E5C2A129371D8E00385F77 /* Sources */,
				53E5C2A229371D8E00385F77 /* Frameworks */,
				53E5C2A329371D8E00385F77 /* Resources */,
			);
			buildRules = (
			);
			dependencies = (
				53E5C2A729371D8E00385F77 /* PBXTargetDependency */,
			);
			name = Bishop_MoviesUITests;
			productName = Bishop_MoviesUITests;
			productReference = 53E5C2A529371D8E00385F77 /* Bishop_MoviesUITests.xctest */;
			productType = "com.apple.product-type.bundle.ui-testing";
		};
/* End PBXNativeTarget section */

/* Begin PBXProject section */
		53E5C27D29371D8C00385F77 /* Project object */ = {
			isa = PBXProject;
			attributes = {
				BuildIndependentTargetsInParallel = 1;
				LastSwiftUpdateCheck = 1340;
				LastUpgradeCheck = 1340;
				TargetAttributes = {
					53E5C28429371D8C00385F77 = {
						CreatedOnToolsVersion = 13.4.1;
					};
					53E5C29A29371D8E00385F77 = {
						CreatedOnToolsVersion = 13.4.1;
						TestTargetID = 53E5C28429371D8C00385F77;
					};
					53E5C2A429371D8E00385F77 = {
						CreatedOnToolsVersion = 13.4.1;
						TestTargetID = 53E5C28429371D8C00385F77;
					};
				};
			};
			buildConfigurationList = 53E5C28029371D8C00385F77 /* Build configuration list for PBXProject "Bishop_Movies" */;
			compatibilityVersion = "Xcode 13.0";
			developmentRegion = en;
			hasScannedForEncodings = 0;
			knownRegions = (
				en,
				Base,
			);
			mainGroup = 53E5C27C29371D8C00385F77;
			productRefGroup = 53E5C28629371D8C00385F77 /* Products */;
			projectDirPath = "";
			projectRoot = "";
			targets = (
				53E5C28429371D8C00385F77 /* Bishop_Movies */,
				53E5C29A29371D8E00385F77 /* Bishop_MoviesTests */,
				53E5C2A429371D8E00385F77 /* Bishop_MoviesUITests */,
			);
		};
/* End PBXProject section */

/* Begin PBXResourcesBuildPhase section */
		53E5C28329371D8C00385F77 /* Resources */ = {
			isa = PBXResourcesBuildPhase;
			buildActionMask = 2147483647;
			files = (
				53E5C29529371D8E00385F77 /* LaunchScreen.storyboard in Resources */,
				53E5C29229371D8E00385F77 /* Assets.xcassets in Resources */,
				53E5C29029371D8C00385F77 /* Main.storyboard in Resources */,
			);
			runOnlyForDeploymentPostprocessing = 0;
		};
		53E5C29929371D8E00385F77 /* Resources */ = {
			isa = PBXResourcesBuildPhase;
			buildActionMask = 2147483647;
			files = (
			);
			runOnlyForDeploymentPostprocessing = 0;
		};
		53E5C2A329371D8E00385F77 /* Resources */ = {
			isa = PBXResourcesBuildPhase;
			buildActionMask = 2147483647;
			files = (
			);
			runOnlyForDeploymentPostprocessing = 0;
		};
/* End PBXResourcesBuildPhase section */

/* Begin PBXSourcesBuildPhase section */
		53E5C28129371D8C00385F77 /* Sources */ = {
			isa = PBXSourcesBuildPhase;
			buildActionMask = 2147483647;
			files = (
				5371E4272937E2A600D1026A /* MovieData.swift in Sources */,
				53E5C28D29371D8C00385F77 /* GenreViewController.swift in Sources */,
				53E5C28929371D8C00385F77 /* AppDelegate.swift in Sources */,
				5371E4252937E0E100D1026A /* MovieCollectionViewCell.swift in Sources */,
				53E5C28B29371D8C00385F77 /* SceneDelegate.swift in Sources */,
				53E5C2B92937292900385F77 /* MoviesViewController.swift in Sources */,
			);
			runOnlyForDeploymentPostprocessing = 0;
		};
		53E5C29729371D8E00385F77 /* Sources */ = {
			isa = PBXSourcesBuildPhase;
			buildActionMask = 2147483647;
			files = (
				53E5C2A029371D8E00385F77 /* Bishop_MoviesTests.swift in Sources */,
			);
			runOnlyForDeploymentPostprocessing = 0;
		};
		53E5C2A129371D8E00385F77 /* Sources */ = {
			isa = PBXSourcesBuildPhase;
			buildActionMask = 2147483647;
			files = (
				53E5C2AC29371D8E00385F77 /* Bishop_MoviesUITestsLaunchTests.swift in Sources */,
				53E5C2AA29371D8E00385F77 /* Bishop_MoviesUITests.swift in Sources */,
			);
			runOnlyForDeploymentPostprocessing = 0;
		};
/* End PBXSourcesBuildPhase section */

/* Begin PBXTargetDependency section */
		53E5C29D29371D8E00385F77 /* PBXTargetDependency */ = {
			isa = PBXTargetDependency;
			target = 53E5C28429371D8C00385F77 /* Bishop_Movies */;
			targetProxy = 53E5C29C29371D8E00385F77 /* PBXContainerItemProxy */;
		};
		53E5C2A729371D8E00385F77 /* PBXTargetDependency */ = {
			isa = PBXTargetDependency;
			target = 53E5C28429371D8C00385F77 /* Bishop_Movies */;
			targetProxy = 53E5C2A629371D8E00385F77 /* PBXContainerItemProxy */;
		};
/* End PBXTargetDependency section */

/* Begin PBXVariantGroup section */
		53E5C28E29371D8C00385F77 /* Main.storyboard */ = {
			isa = PBXVariantGroup;
			children = (
				53E5C28F29371D8C00385F77 /* Base */,
			);
			name = Main.storyboard;
			sourceTree = "<group>";
		};
		53E5C29329371D8E00385F77 /* LaunchScreen.storyboard */ = {
			isa = PBXVariantGroup;
			children = (
				53E5C29429371D8E00385F77 /* Base */,
			);
			name = LaunchScreen.storyboard;
			sourceTree = "<group>";
		};
/* End PBXVariantGroup section */

/* Begin XCBuildConfiguration section */
		53E5C2AD29371D8E00385F77 /* Debug */ = {
			isa = XCBuildConfiguration;
			buildSettings = {
				ALWAYS_SEARCH_USER_PATHS = NO;
				CLANG_ANALYZER_NONNULL = YES;
				CLANG_ANALYZER_NUMBER_OBJECT_CONVERSION = YES_AGGRESSIVE;
				CLANG_CXX_LANGUAGE_STANDARD = "gnu++17";
				CLANG_ENABLE_MODULES = YES;
				CLANG_ENABLE_OBJC_ARC = YES;
				CLANG_ENABLE_OBJC_WEAK = YES;
				CLANG_WARN_BLOCK_CAPTURE_AUTORELEASING = YES;
				CLANG_WARN_BOOL_CONVERSION = YES;
				CLANG_WARN_COMMA = YES;
				CLANG_WARN_CONSTANT_CONVERSION = YES;
				CLANG_WARN_DEPRECATED_OBJC_IMPLEMENTATIONS = YES;
				CLANG_WARN_DIRECT_OBJC_ISA_USAGE = YES_ERROR;
				CLANG_WARN_DOCUMENTATION_COMMENTS = YES;
				CLANG_WARN_EMPTY_BODY = YES;
				CLANG_WARN_ENUM_CONVERSION = YES;
				CLANG_WARN_INFINITE_RECURSION = YES;
				CLANG_WARN_INT_CONVERSION = YES;
				CLANG_WARN_NON_LITERAL_NULL_CONVERSION = YES;
				CLANG_WARN_OBJC_IMPLICIT_RETAIN_SELF = YES;
				CLANG_WARN_OBJC_LITERAL_CONVERSION = YES;
				CLANG_WARN_OBJC_ROOT_CLASS = YES_ERROR;
				CLANG_WARN_QUOTED_INCLUDE_IN_FRAMEWORK_HEADER = YES;
				CLANG_WARN_RANGE_LOOP_ANALYSIS = YES;
				CLANG_WARN_STRICT_PROTOTYPES = YES;
				CLANG_WARN_SUSPICIOUS_MOVE = YES;
				CLANG_WARN_UNGUARDED_AVAILABILITY = YES_AGGRESSIVE;
				CLANG_WARN_UNREACHABLE_CODE = YES;
				CLANG_WARN__DUPLICATE_METHOD_MATCH = YES;
				COPY_PHASE_STRIP = NO;
				DEBUG_INFORMATION_FORMAT = dwarf;
				ENABLE_STRICT_OBJC_MSGSEND = YES;
				ENABLE_TESTABILITY = YES;
				GCC_C_LANGUAGE_STANDARD = gnu11;
				GCC_DYNAMIC_NO_PIC = NO;
				GCC_NO_COMMON_BLOCKS = YES;
				GCC_OPTIMIZATION_LEVEL = 0;
				GCC_PREPROCESSOR_DEFINITIONS = (
					"DEBUG=1",
					"$(inherited)",
				);
				GCC_WARN_64_TO_32_BIT_CONVERSION = YES;
				GCC_WARN_ABOUT_RETURN_TYPE = YES_ERROR;
				GCC_WARN_UNDECLARED_SELECTOR = YES;
				GCC_WARN_UNINITIALIZED_AUTOS = YES_AGGRESSIVE;
				GCC_WARN_UNUSED_FUNCTION = YES;
				GCC_WARN_UNUSED_VARIABLE = YES;
				IPHONEOS_DEPLOYMENT_TARGET = 15.5;
				MTL_ENABLE_DEBUG_INFO = INCLUDE_SOURCE;
				MTL_FAST_MATH = YES;
				ONLY_ACTIVE_ARCH = YES;
				SDKROOT = iphoneos;
				SWIFT_ACTIVE_COMPILATION_CONDITIONS = DEBUG;
				SWIFT_OPTIMIZATION_LEVEL = "-Onone";
			};
			name = Debug;
		};
		53E5C2AE29371D8E00385F77 /* Release */ = {
			isa = XCBuildConfiguration;
			buildSettings = {
				ALWAYS_SEARCH_USER_PATHS = NO;
				CLANG_ANALYZER_NONNULL = YES;
				CLANG_ANALYZER_NUMBER_OBJECT_CONVERSION = YES_AGGRESSIVE;
				CLANG_CXX_LANGUAGE_STANDARD = "gnu++17";
				CLANG_ENABLE_MODULES = YES;
				CLANG_ENABLE_OBJC_ARC = YES;
				CLANG_ENABLE_OBJC_WEAK = YES;
				CLANG_WARN_BLOCK_CAPTURE_AUTORELEASING = YES;
				CLANG_WARN_BOOL_CONVERSION = YES;
				CLANG_WARN_COMMA = YES;
				CLANG_WARN_CONSTANT_CONVERSION = YES;
				CLANG_WARN_DEPRECATED_OBJC_IMPLEMENTATIONS = YES;
				CLANG_WARN_DIRECT_OBJC_ISA_USAGE = YES_ERROR;
				CLANG_WARN_DOCUMENTATION_COMMENTS = YES;
				CLANG_WARN_EMPTY_BODY = YES;
				CLANG_WARN_ENUM_CONVERSION = YES;
				CLANG_WARN_INFINITE_RECURSION = YES;
				CLANG_WARN_INT_CONVERSION = YES;
				CLANG_WARN_NON_LITERAL_NULL_CONVERSION = YES;
				CLANG_WARN_OBJC_IMPLICIT_RETAIN_SELF = YES;
				CLANG_WARN_OBJC_LITERAL_CONVERSION = YES;
				CLANG_WARN_OBJC_ROOT_CLASS = YES_ERROR;
				CLANG_WARN_QUOTED_INCLUDE_IN_FRAMEWORK_HEADER = YES;
				CLANG_WARN_RANGE_LOOP_ANALYSIS = YES;
				CLANG_WARN_STRICT_PROTOTYPES = YES;
				CLANG_WARN_SUSPICIOUS_MOVE = YES;
				CLANG_WARN_UNGUARDED_AVAILABILITY = YES_AGGRESSIVE;
				CLANG_WARN_UNREACHABLE_CODE = YES;
				CLANG_WARN__DUPLICATE_METHOD_MATCH = YES;
				COPY_PHASE_STRIP = NO;
				DEBUG_INFORMATION_FORMAT = "dwarf-with-dsym";
				ENABLE_NS_ASSERTIONS = NO;
				ENABLE_STRICT_OBJC_MSGSEND = YES;
				GCC_C_LANGUAGE_STANDARD = gnu11;
				GCC_NO_COMMON_BLOCKS = YES;
				GCC_WARN_64_TO_32_BIT_CONVERSION = YES;
				GCC_WARN_ABOUT_RETURN_TYPE = YES_ERROR;
				GCC_WARN_UNDECLARED_SELECTOR = YES;
				GCC_WARN_UNINITIALIZED_AUTOS = YES_AGGRESSIVE;
				GCC_WARN_UNUSED_FUNCTION = YES;
				GCC_WARN_UNUSED_VARIABLE = YES;
				IPHONEOS_DEPLOYMENT_TARGET = 15.5;
				MTL_ENABLE_DEBUG_INFO = NO;
				MTL_FAST_MATH = YES;
				SDKROOT = iphoneos;
				SWIFT_COMPILATION_MODE = wholemodule;
				SWIFT_OPTIMIZATION_LEVEL = "-O";
				VALIDATE_PRODUCT = YES;
			};
			name = Release;
		};
		53E5C2B029371D8E00385F77 /* Debug */ = {
			isa = XCBuildConfiguration;
			buildSettings = {
				ASSETCATALOG_COMPILER_APPICON_NAME = AppIcon;
				ASSETCATALOG_COMPILER_GLOBAL_ACCENT_COLOR_NAME = AccentColor;
				CODE_SIGN_STYLE = Automatic;
				CURRENT_PROJECT_VERSION = 1;
				GENERATE_INFOPLIST_FILE = YES;
				INFOPLIST_FILE = Bishop_Movies/Info.plist;
				INFOPLIST_KEY_UIApplicationSupportsIndirectInputEvents = YES;
				INFOPLIST_KEY_UILaunchStoryboardName = LaunchScreen;
				INFOPLIST_KEY_UIMainStoryboardFile = Main;
				INFOPLIST_KEY_UISupportedInterfaceOrientations_iPad = "UIInterfaceOrientationPortrait UIInterfaceOrientationPortraitUpsideDown UIInterfaceOrientationLandscapeLeft UIInterfaceOrientationLandscapeRight";
				INFOPLIST_KEY_UISupportedInterfaceOrientations_iPhone = "UIInterfaceOrientationPortrait UIInterfaceOrientationLandscapeLeft UIInterfaceOrientationLandscapeRight";
				LD_RUNPATH_SEARCH_PATHS = (
					"$(inherited)",
					"@executable_path/Frameworks",
				);
				MARKETING_VERSION = 1.0;
				PRODUCT_BUNDLE_IDENTIFIER = "nwmsu.Bishop-Movies";
				PRODUCT_NAME = "$(TARGET_NAME)";
				SWIFT_EMIT_LOC_STRINGS = YES;
				SWIFT_VERSION = 5.0;
				TARGETED_DEVICE_FAMILY = "1,2";
			};
			name = Debug;
		};
		53E5C2B129371D8E00385F77 /* Release */ = {
			isa = XCBuildConfiguration;
			buildSettings = {
				ASSETCATALOG_COMPILER_APPICON_NAME = AppIcon;
				ASSETCATALOG_COMPILER_GLOBAL_ACCENT_COLOR_NAME = AccentColor;
				CODE_SIGN_STYLE = Automatic;
				CURRENT_PROJECT_VERSION = 1;
				GENERATE_INFOPLIST_FILE = YES;
				INFOPLIST_FILE = Bishop_Movies/Info.plist;
				INFOPLIST_KEY_UIApplicationSupportsIndirectInputEvents = YES;
				INFOPLIST_KEY_UILaunchStoryboardName = LaunchScreen;
				INFOPLIST_KEY_UIMainStoryboardFile = Main;
				INFOPLIST_KEY_UISupportedInterfaceOrientations_iPad = "UIInterfaceOrientationPortrait UIInterfaceOrientationPortraitUpsideDown UIInterfaceOrientationLandscapeLeft UIInterfaceOrientationLandscapeRight";
				INFOPLIST_KEY_UISupportedInterfaceOrientations_iPhone = "UIInterfaceOrientationPortrait UIInterfaceOrientationLandscapeLeft UIInterfaceOrientationLandscapeRight";
				LD_RUNPATH_SEARCH_PATHS = (
					"$(inherited)",
					"@executable_path/Frameworks",
				);
				MARKETING_VERSION = 1.0;
				PRODUCT_BUNDLE_IDENTIFIER = "nwmsu.Bishop-Movies";
				PRODUCT_NAME = "$(TARGET_NAME)";
				SWIFT_EMIT_LOC_STRINGS = YES;
				SWIFT_VERSION = 5.0;
				TARGETED_DEVICE_FAMILY = "1,2";
			};
			name = Release;
		};
		53E5C2B329371D8E00385F77 /* Debug */ = {
			isa = XCBuildConfiguration;
			buildSettings = {
				ALWAYS_EMBED_SWIFT_STANDARD_LIBRARIES = YES;
				BUNDLE_LOADER = "$(TEST_HOST)";
				CODE_SIGN_STYLE = Automatic;
				CURRENT_PROJECT_VERSION = 1;
				GENERATE_INFOPLIST_FILE = YES;
				IPHONEOS_DEPLOYMENT_TARGET = 15.5;
				MARKETING_VERSION = 1.0;
				PRODUCT_BUNDLE_IDENTIFIER = "nwmsu.Bishop-MoviesTests";
				PRODUCT_NAME = "$(TARGET_NAME)";
				SWIFT_EMIT_LOC_STRINGS = NO;
				SWIFT_VERSION = 5.0;
				TARGETED_DEVICE_FAMILY = "1,2";
				TEST_HOST = "$(BUILT_PRODUCTS_DIR)/Bishop_Movies.app/Bishop_Movies";
			};
			name = Debug;
		};
		53E5C2B429371D8E00385F77 /* Release */ = {
			isa = XCBuildConfiguration;
			buildSettings = {
				ALWAYS_EMBED_SWIFT_STANDARD_LIBRARIES = YES;
				BUNDLE_LOADER = "$(TEST_HOST)";
				CODE_SIGN_STYLE = Automatic;
				CURRENT_PROJECT_VERSION = 1;
				GENERATE_INFOPLIST_FILE = YES;
				IPHONEOS_DEPLOYMENT_TARGET = 15.5;
				MARKETING_VERSION = 1.0;
				PRODUCT_BUNDLE_IDENTIFIER = "nwmsu.Bishop-MoviesTests";
				PRODUCT_NAME = "$(TARGET_NAME)";
				SWIFT_EMIT_LOC_STRINGS = NO;
				SWIFT_VERSION = 5.0;
				TARGETED_DEVICE_FAMILY = "1,2";
				TEST_HOST = "$(BUILT_PRODUCTS_DIR)/Bishop_Movies.app/Bishop_Movies";
			};
			name = Release;
		};
		53E5C2B629371D8E00385F77 /* Debug */ = {
			isa = XCBuildConfiguration;
			buildSettings = {
				ALWAYS_EMBED_SWIFT_STANDARD_LIBRARIES = YES;
				CODE_SIGN_STYLE = Automatic;
				CURRENT_PROJECT_VERSION = 1;
				GENERATE_INFOPLIST_FILE = YES;
				MARKETING_VERSION = 1.0;
				PRODUCT_BUNDLE_IDENTIFIER = "nwmsu.Bishop-MoviesUITests";
				PRODUCT_NAME = "$(TARGET_NAME)";
				SWIFT_EMIT_LOC_STRINGS = NO;
				SWIFT_VERSION = 5.0;
				TARGETED_DEVICE_FAMILY = "1,2";
				TEST_TARGET_NAME = Bishop_Movies;
			};
			name = Debug;
		};
		53E5C2B729371D8E00385F77 /* Release */ = {
			isa = XCBuildConfiguration;
			buildSettings = {
				ALWAYS_EMBED_SWIFT_STANDARD_LIBRARIES = YES;
				CODE_SIGN_STYLE = Automatic;
				CURRENT_PROJECT_VERSION = 1;
				GENERATE_INFOPLIST_FILE = YES;
				MARKETING_VERSION = 1.0;
				PRODUCT_BUNDLE_IDENTIFIER = "nwmsu.Bishop-MoviesUITests";
				PRODUCT_NAME = "$(TARGET_NAME)";
				SWIFT_EMIT_LOC_STRINGS = NO;
				SWIFT_VERSION = 5.0;
				TARGETED_DEVICE_FAMILY = "1,2";
				TEST_TARGET_NAME = Bishop_Movies;
			};
			name = Release;
		};
/* End XCBuildConfiguration section */

/* Begin XCConfigurationList section */
		53E5C28029371D8C00385F77 /* Build configuration list for PBXProject "Bishop_Movies" */ = {
			isa = XCConfigurationList;
			buildConfigurations = (
				53E5C2AD29371D8E00385F77 /* Debug */,
				53E5C2AE29371D8E00385F77 /* Release */,
			);
			defaultConfigurationIsVisible = 0;
			defaultConfigurationName = Release;
		};
		53E5C2AF29371D8E00385F77 /* Build configuration list for PBXNativeTarget "Bishop_Movies" */ = {
			isa = XCConfigurationList;
			buildConfigurations = (
				53E5C2B029371D8E00385F77 /* Debug */,
				53E5C2B129371D8E00385F77 /* Release */,
			);
			defaultConfigurationIsVisible = 0;
			defaultConfigurationName = Release;
		};
		53E5C2B229371D8E00385F77 /* Build configuration list for PBXNativeTarget "Bishop_MoviesTests" */ = {
			isa = XCConfigurationList;
			buildConfigurations = (
				53E5C2B329371D8E00385F77 /* Debug */,
				53E5C2B429371D8E00385F77 /* Release */,
			);
			defaultConfigurationIsVisible = 0;
			defaultConfigurationName = Release;
		};
		53E5C2B529371D8E00385F77 /* Build configuration list for PBXNativeTarget "Bishop_MoviesUITests" */ = {
			isa = XCConfigurationList;
			buildConfigurations = (
				53E5C2B629371D8E00385F77 /* Debug */,
				53E5C2B729371D8E00385F77 /* Release */,
			);
			defaultConfigurationIsVisible = 0;
			defaultConfigurationName = Release;
		};
/* End XCConfigurationList section */
	};
	rootObject = 53E5C27D29371D8C00385F77 /* Project object */;
}
